{
  "requires": true,
  "lockfileVersion": 1,
  "dependencies": {
    "@types/crypto-js": {
      "version": "3.1.47",
      "resolved": "https://registry.npmjs.org/@types/crypto-js/-/crypto-js-3.1.47.tgz",
      "integrity": "sha512-eI6gvpcGHLk3dAuHYnRCAjX+41gMv1nz/VP55wAe5HtmAKDOoPSfr3f6vkMc08ov1S0NsjvUBxDtHHxqQY1LGA=="
    },
    "crypto-js": {
      "version": "4.0.0",
      "resolved": "https://registry.npmjs.org/crypto-js/-/crypto-js-4.0.0.tgz",
      "integrity": "sha512-bzHZN8Pn+gS7DQA6n+iUmBfl0hO5DJq++QP3U6uTucDtk/0iGpXd/Gg7CGR0p8tJhofJyaKoWBuJI4eAO00BBg=="
    }
  }
}
